
Microsoft Visual Studio Solution File, Format Version 12.00
# Visual Studio Version 17
VisualStudioVersion = 17.1.32228.430
MinimumVisualStudioVersion = 10.0.40219.1
Project("{FAE04EC0-301F-11D3-BF4B-00C04F79EFBC}") = "TME_App", "TME_App.csproj", "{DF85EDAB-4562-4777-AD28-FCEFA1A0EEBC}"
EndProject
Global
	GlobalSection(SolutionConfigurationPlatforms) = preSolution
		Debug|Any CPU = Debug|Any CPU
		Release|Any CPU = Release|Any CPU
	EndGlobalSection
	GlobalSection(ProjectConfigurationPlatforms) = postSolution
		{DF85EDAB-4562-4777-AD28-FCEFA1A0EEBC}.Debug|Any CPU.ActiveCfg = Debug|Any CPU
		{DF85EDAB-4562-4777-AD28-FCEFA1A0EEBC}.Debug|Any CPU.Build.0 = Debug|Any CPU
		{DF85EDAB-4562-4777-AD28-FCEFA1A0EEBC}.Release|Any CPU.ActiveCfg = Release|Any CPU
		{DF85EDAB-4562-4777-AD28-FCEFA1A0EEBC}.Release|Any CPU.Build.0 = Release|Any CPU
	EndGlobalSection
	GlobalSection(SolutionProperties) = preSolution
		HideSolutionNode = FALSE
	EndGlobalSection
	GlobalSection(ExtensibilityGlobals) = postSolution
		SolutionGuid = {74B8DC09-C4E5-462B-9F8F-8DA90CECBB27}
	EndGlobalSection
EndGlobal
